
Microsoft Visual Studio Solution File, Format Version 12.00
# Visual Studio Version 17
VisualStudioVersion = 17.7.34024.191
MinimumVisualStudioVersion = 10.0.40219.1
Project("{FAE04EC0-301F-11D3-BF4B-00C04F79EFBC}") = "Project.MVC", "Project.MVC\Project.MVC.csproj", "{9724D2B8-52DB-475E-989B-23201CEDE0AA}"
EndProject
Project("{FAE04EC0-301F-11D3-BF4B-00C04F79EFBC}") = "Project.Service", "Project.Service\Project.Service.csproj", "{99129C96-D819-4223-9827-C6B1F4189560}"
EndProject
Global
	GlobalSection(SolutionConfigurationPlatforms) = preSolution
		Debug|Any CPU = Debug|Any CPU
		Release|Any CPU = Release|Any CPU
	EndGlobalSection
	GlobalSection(ProjectConfigurationPlatforms) = postSolution
		{9724D2B8-52DB-475E-989B-23201CEDE0AA}.Debug|Any CPU.ActiveCfg = Debug|Any CPU
		{9724D2B8-52DB-475E-989B-23201CEDE0AA}.Debug|Any CPU.Build.0 = Debug|Any CPU
		{9724D2B8-52DB-475E-989B-23201CEDE0AA}.Release|Any CPU.ActiveCfg = Release|Any CPU
		{9724D2B8-52DB-475E-989B-23201CEDE0AA}.Release|Any CPU.Build.0 = Release|Any CPU
		{99129C96-D819-4223-9827-C6B1F4189560}.Debug|Any CPU.ActiveCfg = Debug|Any CPU
		{99129C96-D819-4223-9827-C6B1F4189560}.Debug|Any CPU.Build.0 = Debug|Any CPU
		{99129C96-D819-4223-9827-C6B1F4189560}.Release|Any CPU.ActiveCfg = Release|Any CPU
		{99129C96-D819-4223-9827-C6B1F4189560}.Release|Any CPU.Build.0 = Release|Any CPU
	EndGlobalSection
	GlobalSection(SolutionProperties) = preSolution
		HideSolutionNode = FALSE
	EndGlobalSection
	GlobalSection(ExtensibilityGlobals) = postSolution
		SolutionGuid = {2BDCF28E-9F4C-403A-9578-49655796AC3D}
	EndGlobalSection
EndGlobal
